{
  "name": "@pipeline/common",
  "version": "1.0.0-beta.2",
  "lockfileVersion": 1,
  "requires": true,
  "dependencies": {
    "@firebase/analytics": {
      "version": "0.6.2",
      "resolved": "https://registry.npmjs.org/@firebase/analytics/-/analytics-0.6.2.tgz",
      "integrity": "sha512-4Ceov+rPfOEPIdbjlpTim/wbcUUneIesHag4UOzvmFsRRXqbxLwQpyZQWEbTSriUeU8uTKj9yOW32hsskV9Klg==",
      "requires": {
        "@firebase/analytics-types": "0.4.0",
        "@firebase/component": "0.1.21",
        "@firebase/installations": "0.4.19",
        "@firebase/logger": "0.2.6",
        "@firebase/util": "0.3.4",
        "tslib": "^1.11.1"
      }
    },
    "@firebase/analytics-types": {
      "version": "0.4.0",
      "resolved": "https://registry.npmjs.org/@firebase/analytics-types/-/analytics-types-0.4.0.tgz",
      "integrity": "sha512-Jj2xW+8+8XPfWGkv9HPv/uR+Qrmq37NPYT352wf7MvE9LrstpLVmFg3LqG6MCRr5miLAom5sen2gZ+iOhVDeRA=="
    },
    "@firebase/app": {
      "version": "0.6.13",
      "resolved": "https://registry.npmjs.org/@firebase/app/-/app-0.6.13.tgz",
      "integrity": "sha512-xGrJETzvCb89VYbGSHFHCW7O/y067HRxT7MGehUE1xMxdPVBDNayHnxEuKwzfGvXAjVmajXBKFlKxaCWpgSjCQ==",
      "requires": {
        "@firebase/app-types": "0.6.1",
        "@firebase/component": "0.1.21",
        "@firebase/logger": "0.2.6",
        "@firebase/util": "0.3.4",
        "dom-storage": "2.1.0",
        "tslib": "^1.11.1",
        "xmlhttprequest": "1.8.0"
      }
    },
    "@firebase/app-types": {
      "version": "0.6.1",
      "resolved": "https://registry.npmjs.org/@firebase/app-types/-/app-types-0.6.1.tgz",
      "integrity": "sha512-L/ZnJRAq7F++utfuoTKX4CLBG5YR7tFO3PLzG1/oXXKEezJ0kRL3CMRoueBEmTCzVb/6SIs2Qlaw++uDgi5Xyg=="
    },
    "@firebase/auth": {
      "version": "0.16.1",
      "resolved": "https://registry.npmjs.org/@firebase/auth/-/auth-0.16.1.tgz",
      "integrity": "sha512-7juD7D/kaxNti/xa5G+ZGJJs+bdJUWOW0MlNBtXwiG+TjMh69EDmwJnQmmc9h/32QVvXt1qo1OGWOoMMpF/2Gg==",
      "requires": {
        "@firebase/auth-types": "0.10.1"
      }
    },
    "@firebase/auth-interop-types": {
      "version": "0.1.5",
      "resolved": "https://registry.npmjs.org/@firebase/auth-interop-types/-/auth-interop-types-0.1.5.tgz",
      "integrity": "sha512-88h74TMQ6wXChPA6h9Q3E1Jg6TkTHep2+k63OWg3s0ozyGVMeY+TTOti7PFPzq5RhszQPQOoCi59es4MaRvgCw=="
    },
    "@firebase/auth-types": {
      "version": "0.10.1",
      "resolved": "https://registry.npmjs.org/@firebase/auth-types/-/auth-types-0.10.1.tgz",
      "integrity": "sha512-/+gBHb1O9x/YlG7inXfxff/6X3BPZt4zgBv4kql6HEmdzNQCodIRlEYnI+/da+lN+dha7PjaFH7C7ewMmfV7rw=="
    },
    "@firebase/component": {
      "version": "0.1.21",
      "resolved": "https://registry.npmjs.org/@firebase/component/-/component-0.1.21.tgz",
      "integrity": "sha512-kd5sVmCLB95EK81Pj+yDTea8pzN2qo/1yr0ua9yVi6UgMzm6zAeih73iVUkaat96MAHy26yosMufkvd3zC4IKg==",
      "requires": {
        "@firebase/util": "0.3.4",
        "tslib": "^1.11.1"
      }
    },
    "@firebase/database": {
      "version": "0.8.2",
      "resolved": "https://registry.npmjs.org/@firebase/database/-/database-0.8.2.tgz",
      "integrity": "sha512-E86yrom0Ii+61UScG44y1q3H3NuozzGGTGbYmiyTe1qK8Qvzuiu7yyfdDnqFW2fkeKvTRLoDeCpgZy27FgEndQ==",
      "requires": {
        "@firebase/auth-interop-types": "0.1.5",
        "@firebase/component": "0.1.21",
        "@firebase/database-types": "0.6.1",
        "@firebase/logger": "0.2.6",
        "@firebase/util": "0.3.4",
        "faye-websocket": "0.11.3",
        "tslib": "^1.11.1"
      }
    },
    "@firebase/database-types": {
      "version": "0.6.1",
      "resolved": "https://registry.npmjs.org/@firebase/database-types/-/database-types-0.6.1.tgz",
      "integrity": "sha512-JtL3FUbWG+bM59iYuphfx9WOu2Mzf0OZNaqWiQ7lJR8wBe7bS9rIm9jlBFtksB7xcya1lZSQPA/GAy2jIlMIkA==",
      "requires": {
        "@firebase/app-types": "0.6.1"
      }
    },
    "@firebase/firestore": {
      "version": "2.1.2",
      "resolved": "https://registry.npmjs.org/@firebase/firestore/-/firestore-2.1.2.tgz",
      "integrity": "sha512-8yUdBLLr6UhE+IjPR+fxLBD0bDnEqF9GalohfURZeLQPaL3b+LtqqGCLvvXC4MKT0lJAHOV8J9LA6rHj8vI0/Q==",
      "requires": {
        "@firebase/component": "0.1.21",
        "@firebase/firestore-types": "2.1.0",
        "@firebase/logger": "0.2.6",
        "@firebase/util": "0.3.4",
        "@firebase/webchannel-wrapper": "0.4.1",
        "@grpc/grpc-js": "^1.0.0",
        "@grpc/proto-loader": "^0.5.0",
        "node-fetch": "2.6.1",
        "tslib": "^1.11.1"
      }
    },
    "@firebase/firestore-types": {
      "version": "2.1.0",
      "resolved": "https://registry.npmjs.org/@firebase/firestore-types/-/firestore-types-2.1.0.tgz",
      "integrity": "sha512-jietErBWihMvJkqqEquQy5GgoEwzHnMXXC/TsVoe9FPysXm1/AeJS12taS7ZYvenAtyvL/AEJyKrRKRh4adcJQ=="
    },
    "@firebase/functions": {
      "version": "0.6.1",
      "resolved": "https://registry.npmjs.org/@firebase/functions/-/functions-0.6.1.tgz",
      "integrity": "sha512-xNCAY3cLlVWE8Azf+/84OjnaXMoyUstJ3vwVRG0ie22QhsdQuPa1tXTiPX4Tmm+Hbbd/Aw0A/7dkEnuW+zYzaQ==",
      "requires": {
        "@firebase/component": "0.1.21",
        "@firebase/functions-types": "0.4.0",
        "@firebase/messaging-types": "0.5.0",
        "node-fetch": "2.6.1",
        "tslib": "^1.11.1"
      }
    },
    "@firebase/functions-types": {
      "version": "0.4.0",
      "resolved": "https://registry.npmjs.org/@firebase/functions-types/-/functions-types-0.4.0.tgz",
      "integrity": "sha512-3KElyO3887HNxtxNF1ytGFrNmqD+hheqjwmT3sI09FaDCuaxGbOnsXAXH2eQ049XRXw9YQpHMgYws/aUNgXVyQ=="
    },
    "@firebase/installations": {
      "version": "0.4.19",
      "resolved": "https://registry.npmjs.org/@firebase/installations/-/installations-0.4.19.tgz",
      "integrity": "sha512-QqAQzosKVVqIx7oMt5ujF4NsIXgtlTnej4JXGJ8sQQuJoMnt3T+PFQRHbr7uOfVaBiHYhEaXCcmmhfKUHwKftw==",
      "requires": {
        "@firebase/component": "0.1.21",
        "@firebase/installations-types": "0.3.4",
        "@firebase/util": "0.3.4",
        "idb": "3.0.2",
        "tslib": "^1.11.1"
      }
    },
    "@firebase/installations-types": {
      "version": "0.3.4",
      "resolved": "https://registry.npmjs.org/@firebase/installations-types/-/installations-types-0.3.4.tgz",
      "integrity": "sha512-RfePJFovmdIXb6rYwtngyxuEcWnOrzdZd9m7xAW0gRxDIjBT20n3BOhjpmgRWXo/DAxRmS7bRjWAyTHY9cqN7Q=="
    },
    "@firebase/logger": {
      "version": "0.2.6",
      "resolved": "https://registry.npmjs.org/@firebase/logger/-/logger-0.2.6.tgz",
      "integrity": "sha512-KIxcUvW/cRGWlzK9Vd2KB864HlUnCfdTH0taHE0sXW5Xl7+W68suaeau1oKNEqmc3l45azkd4NzXTCWZRZdXrw=="
    },
    "@firebase/messaging": {
      "version": "0.7.3",
      "resolved": "https://registry.npmjs.org/@firebase/messaging/-/messaging-0.7.3.tgz",
      "integrity": "sha512-63nOP2SmQJrj9jrhV3K96L5MRKS6AqmFVLX1XbGk6K6lz38ZC4LIoCcHxzUBXY7fCAuZvNmh/YB3pE8B2mTs8A==",
      "requires": {
        "@firebase/component": "0.1.21",
        "@firebase/installations": "0.4.19",
        "@firebase/messaging-types": "0.5.0",
        "@firebase/util": "0.3.4",
        "idb": "3.0.2",
        "tslib": "^1.11.1"
      }
    },
    "@firebase/messaging-types": {
      "version": "0.5.0",
      "resolved": "https://registry.npmjs.org/@firebase/messaging-types/-/messaging-types-0.5.0.tgz",
      "integrity": "sha512-QaaBswrU6umJYb/ZYvjR5JDSslCGOH6D9P136PhabFAHLTR4TWjsaACvbBXuvwrfCXu10DtcjMxqfhdNIB1Xfg=="
    },
    "@firebase/performance": {
      "version": "0.4.5",
      "resolved": "https://registry.npmjs.org/@firebase/performance/-/performance-0.4.5.tgz",
      "integrity": "sha512-oenEOaV/UzvV8XPi8afYQ71RzyrHoBesqOyXqb1TOg7dpU+i+UJ5PS8K64DytKUHTxQl+UJFcuxNpsoy9BpWzw==",
      "requires": {
        "@firebase/component": "0.1.21",
        "@firebase/installations": "0.4.19",
        "@firebase/logger": "0.2.6",
        "@firebase/performance-types": "0.0.13",
        "@firebase/util": "0.3.4",
        "tslib": "^1.11.1"
      }
    },
    "@firebase/performance-types": {
      "version": "0.0.13",
      "resolved": "https://registry.npmjs.org/@firebase/performance-types/-/performance-types-0.0.13.tgz",
      "integrity": "sha512-6fZfIGjQpwo9S5OzMpPyqgYAUZcFzZxHFqOyNtorDIgNXq33nlldTL/vtaUZA8iT9TT5cJlCrF/jthKU7X21EA=="
    },
    "@firebase/polyfill": {
      "version": "0.3.36",
      "resolved": "https://registry.npmjs.org/@firebase/polyfill/-/polyfill-0.3.36.tgz",
      "integrity": "sha512-zMM9oSJgY6cT2jx3Ce9LYqb0eIpDE52meIzd/oe/y70F+v9u1LDqk5kUF5mf16zovGBWMNFmgzlsh6Wj0OsFtg==",
      "requires": {
        "core-js": "3.6.5",
        "promise-polyfill": "8.1.3",
        "whatwg-fetch": "2.0.4"
      }
    },
    "@firebase/remote-config": {
      "version": "0.1.30",
      "resolved": "https://registry.npmjs.org/@firebase/remote-config/-/remote-config-0.1.30.tgz",
      "integrity": "sha512-LAfLDcp1AN0V/7AkxBuTKy+Qnq9fKYKxbA5clrXRNVzJbTVnF5eFGsaUOlkes0ESG6lbqKy5ZcDgdl73zBIhAA==",
      "requires": {
        "@firebase/component": "0.1.21",
        "@firebase/installations": "0.4.19",
        "@firebase/logger": "0.2.6",
        "@firebase/remote-config-types": "0.1.9",
        "@firebase/util": "0.3.4",
        "tslib": "^1.11.1"
      }
    },
    "@firebase/remote-config-types": {
      "version": "0.1.9",
      "resolved": "https://registry.npmjs.org/@firebase/remote-config-types/-/remote-config-types-0.1.9.tgz",
      "integrity": "sha512-G96qnF3RYGbZsTRut7NBX0sxyczxt1uyCgXQuH/eAfUCngxjEGcZQnBdy6mvSdqdJh5mC31rWPO4v9/s7HwtzA=="
    },
    "@firebase/storage": {
      "version": "0.4.2",
      "resolved": "https://registry.npmjs.org/@firebase/storage/-/storage-0.4.2.tgz",
      "integrity": "sha512-87CrvKrf8kijVekRBmUs8htsNz7N5X/pDhv3BvJBqw8K65GsUolpyjx0f4QJRkCRUYmh3MSkpa5P08lpVbC6nQ==",
      "requires": {
        "@firebase/component": "0.1.21",
        "@firebase/storage-types": "0.3.13",
        "@firebase/util": "0.3.4",
        "tslib": "^1.11.1"
      }
    },
    "@firebase/storage-types": {
      "version": "0.3.13",
      "resolved": "https://registry.npmjs.org/@firebase/storage-types/-/storage-types-0.3.13.tgz",
      "integrity": "sha512-pL7b8d5kMNCCL0w9hF7pr16POyKkb3imOW7w0qYrhBnbyJTdVxMWZhb0HxCFyQWC0w3EiIFFmxoz8NTFZDEFog=="
    },
    "@firebase/util": {
      "version": "0.3.4",
      "resolved": "https://registry.npmjs.org/@firebase/util/-/util-0.3.4.tgz",
      "integrity": "sha512-VwjJUE2Vgr2UMfH63ZtIX9Hd7x+6gayi6RUXaTqEYxSbf/JmehLmAEYSuxS/NckfzAXWeGnKclvnXVibDgpjQQ==",
      "requires": {
        "tslib": "^1.11.1"
      }
    },
    "@firebase/webchannel-wrapper": {
      "version": "0.4.1",
      "resolved": "https://registry.npmjs.org/@firebase/webchannel-wrapper/-/webchannel-wrapper-0.4.1.tgz",
      "integrity": "sha512-0yPjzuzGMkW1GkrC8yWsiN7vt1OzkMIi9HgxRmKREZl2wnNPOKo/yScTjXf/O57HM8dltqxPF6jlNLFVtc2qdw=="
    },
    "@grpc/grpc-js": {
      "version": "1.0.5",
      "resolved": "https://registry.npmjs.org/@grpc/grpc-js/-/grpc-js-1.0.5.tgz",
      "integrity": "sha512-Hm+xOiqAhcpT9RYM8lc15dbQD7aQurM7ZU8ulmulepiPlN7iwBXXwP3vSBUimoFoApRqz7pSIisXU8pZaCB4og==",
      "requires": {
        "semver": "^6.2.0"
      }
    },
    "@grpc/proto-loader": {
      "version": "0.5.5",
      "resolved": "https://registry.npmjs.org/@grpc/proto-loader/-/proto-loader-0.5.5.tgz",
      "integrity": "sha512-WwN9jVNdHRQoOBo9FDH7qU+mgfjPc8GygPYms3M+y3fbQLfnCe/Kv/E01t7JRgnrsOHH8euvSbed3mIalXhwqQ==",
      "requires": {
        "lodash.camelcase": "^4.3.0",
        "protobufjs": "^6.8.6"
      }
    },
    "@protobufjs/aspromise": {
      "version": "1.1.2",
      "resolved": "https://registry.npmjs.org/@protobufjs/aspromise/-/aspromise-1.1.2.tgz",
      "integrity": "sha1-m4sMxmPWaafY9vXQiToU00jzD78="
    },
    "@protobufjs/base64": {
      "version": "1.1.2",
      "resolved": "https://registry.npmjs.org/@protobufjs/base64/-/base64-1.1.2.tgz",
      "integrity": "sha512-AZkcAA5vnN/v4PDqKyMR5lx7hZttPDgClv83E//FMNhR2TMcLUhfRUBHCmSl0oi9zMgDDqRUJkSxO3wm85+XLg=="
    },
    "@protobufjs/codegen": {
      "version": "2.0.4",
      "resolved": "https://registry.npmjs.org/@protobufjs/codegen/-/codegen-2.0.4.tgz",
      "integrity": "sha512-YyFaikqM5sH0ziFZCN3xDC7zeGaB/d0IUb9CATugHWbd1FRFwWwt4ld4OYMPWu5a3Xe01mGAULCdqhMlPl29Jg=="
    },
    "@protobufjs/eventemitter": {
      "version": "1.1.0",
      "resolved": "https://registry.npmjs.org/@protobufjs/eventemitter/-/eventemitter-1.1.0.tgz",
      "integrity": "sha1-NVy8mLr61ZePntCV85diHx0Ga3A="
    },
    "@protobufjs/fetch": {
      "version": "1.1.0",
      "resolved": "https://registry.npmjs.org/@protobufjs/fetch/-/fetch-1.1.0.tgz",
      "integrity": "sha1-upn7WYYUr2VwDBYZ/wbUVLDYTEU=",
      "requires": {
        "@protobufjs/aspromise": "^1.1.1",
        "@protobufjs/inquire": "^1.1.0"
      }
    },
    "@protobufjs/float": {
      "version": "1.0.2",
      "resolved": "https://registry.npmjs.org/@protobufjs/float/-/float-1.0.2.tgz",
      "integrity": "sha1-Xp4avctz/Ap8uLKR33jIy9l7h9E="
    },
    "@protobufjs/inquire": {
      "version": "1.1.0",
      "resolved": "https://registry.npmjs.org/@protobufjs/inquire/-/inquire-1.1.0.tgz",
      "integrity": "sha1-/yAOPnzyQp4tyvwRQIKOjMY48Ik="
    },
    "@protobufjs/path": {
      "version": "1.1.2",
      "resolved": "https://registry.npmjs.org/@protobufjs/path/-/path-1.1.2.tgz",
      "integrity": "sha1-bMKyDFya1q0NzP0hynZz2Nf79o0="
    },
    "@protobufjs/pool": {
      "version": "1.1.0",
      "resolved": "https://registry.npmjs.org/@protobufjs/pool/-/pool-1.1.0.tgz",
      "integrity": "sha1-Cf0V8tbTq/qbZbw2ZQbWrXhG/1Q="
    },
    "@protobufjs/utf8": {
      "version": "1.1.0",
      "resolved": "https://registry.npmjs.org/@protobufjs/utf8/-/utf8-1.1.0.tgz",
      "integrity": "sha1-p3c2C1s5oaLlEG+OhY8v0tBgxXA="
    },
    "@types/long": {
      "version": "4.0.1",
      "resolved": "https://registry.npmjs.org/@types/long/-/long-4.0.1.tgz",
      "integrity": "sha512-5tXH6Bx/kNGd3MgffdmP4dy2Z+G4eaXw0SE81Tq3BNadtnMR5/ySMzX4SLEzHJzSmPNn4HIdpQsBvXMUykr58w=="
    },
    "@types/node": {
      "version": "13.13.39",
      "resolved": "https://registry.npmjs.org/@types/node/-/node-13.13.39.tgz",
      "integrity": "sha512-wct+WgRTTkBm2R3vbrFOqyZM5w0g+D8KnhstG9463CJBVC3UVZHMToge7iMBR1vDl/I+NWFHUeK9X+JcF0rWKw=="
    },
    "core-js": {
      "version": "3.6.5",
      "resolved": "https://registry.npmjs.org/core-js/-/core-js-3.6.5.tgz",
      "integrity": "sha512-vZVEEwZoIsI+vPEuoF9Iqf5H7/M3eeQqWlQnYa8FSKKePuYTf5MWnxb5SDAzCa60b3JBRS5g9b+Dq7b1y/RCrA=="
    },
    "dom-storage": {
      "version": "2.1.0",
      "resolved": "https://registry.npmjs.org/dom-storage/-/dom-storage-2.1.0.tgz",
      "integrity": "sha512-g6RpyWXzl0RR6OTElHKBl7nwnK87GUyZMYC7JWsB/IA73vpqK2K6LT39x4VepLxlSsWBFrPVLnsSR5Jyty0+2Q=="
    },
    "faye-websocket": {
      "version": "0.11.3",
      "resolved": "https://registry.npmjs.org/faye-websocket/-/faye-websocket-0.11.3.tgz",
      "integrity": "sha512-D2y4bovYpzziGgbHYtGCMjlJM36vAl/y+xUyn1C+FVx8szd1E+86KwVw6XvYSzOP8iMpm1X0I4xJD+QtUb36OA==",
      "requires": {
        "websocket-driver": ">=0.5.1"
      }
    },
    "firebase": {
      "version": "8.2.2",
      "resolved": "https://registry.npmjs.org/firebase/-/firebase-8.2.2.tgz",
      "integrity": "sha512-a07aW2TTAA9S7p4mx5pu8hvtVokJEjAQlAocHKOWwmRJRIduE9Vvr/3i50FtujT5gGNr0Qm+EyWyB+/7TJiwnw==",
      "requires": {
        "@firebase/analytics": "0.6.2",
        "@firebase/app": "0.6.13",
        "@firebase/app-types": "0.6.1",
        "@firebase/auth": "0.16.1",
        "@firebase/database": "0.8.2",
        "@firebase/firestore": "2.1.2",
        "@firebase/functions": "0.6.1",
        "@firebase/installations": "0.4.19",
        "@firebase/messaging": "0.7.3",
        "@firebase/performance": "0.4.5",
        "@firebase/polyfill": "0.3.36",
        "@firebase/remote-config": "0.1.30",
        "@firebase/storage": "0.4.2",
        "@firebase/util": "0.3.4"
      }
    },
    "http-parser-js": {
      "version": "0.5.3",
      "resolved": "https://registry.npmjs.org/http-parser-js/-/http-parser-js-0.5.3.tgz",
      "integrity": "sha512-t7hjvef/5HEK7RWTdUzVUhl8zkEu+LlaE0IYzdMuvbSDipxBRpOn4Uhw8ZyECEa808iVT8XCjzo6xmYt4CiLZg=="
    },
    "idb": {
      "version": "3.0.2",
      "resolved": "https://registry.npmjs.org/idb/-/idb-3.0.2.tgz",
      "integrity": "sha512-+FLa/0sTXqyux0o6C+i2lOR0VoS60LU/jzUo5xjfY6+7sEEgy4Gz1O7yFBXvjd7N0NyIGWIRg8DcQSLEG+VSPw=="
    },
    "lodash.camelcase": {
      "version": "4.3.0",
      "resolved": "https://registry.npmjs.org/lodash.camelcase/-/lodash.camelcase-4.3.0.tgz",
      "integrity": "sha1-soqmKIorn8ZRA1x3EfZathkDMaY="
    },
    "long": {
      "version": "4.0.0",
      "resolved": "https://registry.npmjs.org/long/-/long-4.0.0.tgz",
      "integrity": "sha512-XsP+KhQif4bjX1kbuSiySJFNAehNxgLb6hPRGJ9QsUr8ajHkuXGdrHmFUTUUXhDwVX2R5bY4JNZEwbUiMhV+MA=="
    },
    "node-fetch": {
      "version": "2.6.1",
      "resolved": "https://registry.npmjs.org/node-fetch/-/node-fetch-2.6.1.tgz",
      "integrity": "sha512-V4aYg89jEoVRxRb2fJdAg8FHvI7cEyYdVAh94HH0UIK8oJxUfkjlDQN9RbMx+bEjP7+ggMiFRprSti032Oipxw=="
    },
    "promise-polyfill": {
      "version": "8.1.3",
      "resolved": "https://registry.npmjs.org/promise-polyfill/-/promise-polyfill-8.1.3.tgz",
      "integrity": "sha512-MG5r82wBzh7pSKDRa9y+vllNHz3e3d4CNj1PQE4BQYxLme0gKYYBm9YENq+UkEikyZ0XbiGWxYlVw3Rl9O/U8g=="
    },
    "protobufjs": {
      "version": "6.10.2",
      "resolved": "https://registry.npmjs.org/protobufjs/-/protobufjs-6.10.2.tgz",
      "integrity": "sha512-27yj+04uF6ya9l+qfpH187aqEzfCF4+Uit0I9ZBQVqK09hk/SQzKa2MUqUpXaVa7LOFRg1TSSr3lVxGOk6c0SQ==",
      "requires": {
        "@protobufjs/aspromise": "^1.1.2",
        "@protobufjs/base64": "^1.1.2",
        "@protobufjs/codegen": "^2.0.4",
        "@protobufjs/eventemitter": "^1.1.0",
        "@protobufjs/fetch": "^1.1.0",
        "@protobufjs/float": "^1.0.2",
        "@protobufjs/inquire": "^1.1.0",
        "@protobufjs/path": "^1.1.2",
        "@protobufjs/pool": "^1.1.0",
        "@protobufjs/utf8": "^1.1.0",
        "@types/long": "^4.0.1",
        "@types/node": "^13.7.0",
        "long": "^4.0.0"
      }
    },
    "react-refresh": {
      "version": "0.9.0",
      "resolved": "https://registry.npmjs.org/react-refresh/-/react-refresh-0.9.0.tgz",
      "integrity": "sha512-Gvzk7OZpiqKSkxsQvO/mbTN1poglhmAV7gR/DdIrRrSMXraRQQlfikRJOr3Nb9GTMPC5kof948Zy6jJZIFtDvQ==",
      "dev": true
    },
    "safe-buffer": {
      "version": "5.1.2",
      "resolved": "https://registry.npmjs.org/safe-buffer/-/safe-buffer-5.1.2.tgz",
      "integrity": "sha512-Gd2UZBJDkXlY7GbJxfsE8/nvKkUEU1G38c1siN6QP6a9PT9MmHB8GnpscSmMJSoF8LOIrt8ud/wPtojys4G6+g=="
    },
    "semver": {
      "version": "6.3.0",
      "resolved": "https://registry.npmjs.org/semver/-/semver-6.3.0.tgz",
      "integrity": "sha512-b39TBaTSfV6yBrapU89p5fKekE2m/NwnDocOVruQFS1/veMgdzuPcnOM34M6CwxW8jH/lxEa5rBoDeUwu5HHTw=="
    },
    "tslib": {
      "version": "1.14.1",
      "resolved": "https://registry.npmjs.org/tslib/-/tslib-1.14.1.tgz",
      "integrity": "sha512-Xni35NKzjgMrwevysHTCArtLDpPvye8zV/0E4EyYn43P7/7qvQwPh9BGkHewbMulVntbigmcT7rdX3BNo9wRJg=="
    },
    "typescript": {
      "version": "4.1.3",
      "resolved": "https://registry.npmjs.org/typescript/-/typescript-4.1.3.tgz",
      "integrity": "sha512-B3ZIOf1IKeH2ixgHhj6la6xdwR9QrLC5d1VKeCSY4tvkqhF2eqd9O7txNlS0PO3GrBAFIdr3L1ndNwteUbZLYg==",
      "dev": true
    },
    "websocket-driver": {
      "version": "0.7.4",
      "resolved": "https://registry.npmjs.org/websocket-driver/-/websocket-driver-0.7.4.tgz",
      "integrity": "sha512-b17KeDIQVjvb0ssuSDF2cYXSg2iztliJ4B9WdsuB6J952qCPKmnVq4DyW5motImXHDC1cBT/1UezrJVsKw5zjg==",
      "requires": {
        "http-parser-js": ">=0.5.1",
        "safe-buffer": ">=5.1.0",
        "websocket-extensions": ">=0.1.1"
      }
    },
    "websocket-extensions": {
      "version": "0.1.4",
      "resolved": "https://registry.npmjs.org/websocket-extensions/-/websocket-extensions-0.1.4.tgz",
      "integrity": "sha512-OqedPIGOfsDlo31UNwYbCFMSaO9m9G/0faIHj5/dZFDMFqPTcx6UwqyOy3COEaEOg/9VsGIpdqn62W5KhoKSpg=="
    },
    "whatwg-fetch": {
      "version": "2.0.4",
      "resolved": "https://registry.npmjs.org/whatwg-fetch/-/whatwg-fetch-2.0.4.tgz",
      "integrity": "sha512-dcQ1GWpOD/eEQ97k66aiEVpNnapVj90/+R+SXTPYGHpYBBypfKJEQjLrvMZ7YXbKm21gXd4NcuxUTjiv1YtLng=="
    },
    "xmlhttprequest": {
      "version": "1.8.0",
      "resolved": "https://registry.npmjs.org/xmlhttprequest/-/xmlhttprequest-1.8.0.tgz",
      "integrity": "sha1-Z/4HXFwk/vOfnWX197f+dRcZaPw="
    }
  }
}
